--- Cargo.lock.orig	2026-02-24 19:45:05 UTC
+++ Cargo.lock
@@ -1495,15 +1495,6 @@ checksum = "d05e27ee213611ffe7d6348b942e8f942b37114c00
 checksum = "d05e27ee213611ffe7d6348b942e8f942b37114c00cc03cec254295a4a17852e"
 
 [[package]]
-name = "openssl-src"
-version = "300.5.5+3.5.5"
-source = "registry+https://github.com/rust-lang/crates.io-index"
-checksum = "3f1787d533e03597a7934fd0a765f0d28e94ecc5fb7789f8053b1e699a56f709"
-dependencies = [
- "cc",
-]
-
-[[package]]
 name = "openssl-sys"
 version = "0.9.111"
 source = "registry+https://github.com/rust-lang/crates.io-index"
@@ -1511,7 +1502,6 @@ dependencies = [
 dependencies = [
  "cc",
  "libc",
- "openssl-src",
  "pkg-config",
  "vcpkg",
 ]
