{
  "name": "@github/copilot-installer",
  "version": "1.0.0",
  "lockfileVersion": 3,
  "requires": true,
  "packages": {
    "": {
      "name": "@github/copilot-installer",
      "version": "1.0.0",
      "dependencies": {
        "@github/copilot": "^1.0.13"
      }
    },
    "node_modules/@github/copilot": {
      "version": "1.0.13",
      "resolved": "https://registry.npmjs.org/@github/copilot/-/copilot-1.0.13.tgz",
      "integrity": "sha512-F7oFybbkg0KOM1ZYswpmdtrow6lSzi2INpqXzvDXjMY8GLykHKU7b+knKOXgEEhjqF+65I9FlJ+Aw4Vqs6oqOw==",
      "license": "SEE LICENSE IN LICENSE.md",
      "bin": {
        "copilot": "npm-loader.js"
      },
      "optionalDependencies": {
        "@github/copilot-darwin-arm64": "1.0.13",
        "@github/copilot-darwin-x64": "1.0.13",
        "@github/copilot-linux-arm64": "1.0.13",
        "@github/copilot-linux-x64": "1.0.13",
        "@github/copilot-win32-arm64": "1.0.13",
        "@github/copilot-win32-x64": "1.0.13"
      }
    },
    "node_modules/@github/copilot/node_modules/@github/copilot-darwin-arm64": {
      "version": "1.0.13",
      "resolved": "https://registry.npmjs.org/@github/copilot-darwin-arm64/-/copilot-darwin-arm64-1.0.13.tgz",
      "integrity": "sha512-B8baJ/IFJ33iwrllEedqoMUvEaNTlGVJEapaKRcymn3/D7shv705WmTtKZKuq8dw3m4GF2OOyIcDywaZVF2QZw==",
      "cpu": [
        "arm64"
      ],
      "license": "SEE LICENSE IN LICENSE.md",
      "optional": true,
      "os": [
        "darwin"
      ],
      "bin": {
        "copilot-darwin-arm64": "copilot"
      }
    },
    "node_modules/@github/copilot/node_modules/@github/copilot-darwin-x64": {
      "version": "1.0.13",
      "resolved": "https://registry.npmjs.org/@github/copilot-darwin-x64/-/copilot-darwin-x64-1.0.13.tgz",
      "integrity": "sha512-GFouJNmhrw56gtM7QIwk2PMh9r9eCmACRxaKkfFosGuACwFf8wi71zLnqZHTL1cXlLHLIyh5qqWTHmz807tB3g==",
      "cpu": [
        "x64"
      ],
      "license": "SEE LICENSE IN LICENSE.md",
      "optional": true,
      "os": [
        "darwin"
      ],
      "bin": {
        "copilot-darwin-x64": "copilot"
      }
    },
    "node_modules/@github/copilot/node_modules/@github/copilot-linux-arm64": {
      "version": "1.0.13",
      "resolved": "https://registry.npmjs.org/@github/copilot-linux-arm64/-/copilot-linux-arm64-1.0.13.tgz",
      "integrity": "sha512-1rnxhgiMHuH8aqsotzTS8ED16J8WeEt7XRndaU1MJohe5uQ3j+N7nhh4ynZGC8dd3EIvAc29LsADLSGxTqk1Kw==",
      "cpu": [
        "arm64"
      ],
      "license": "SEE LICENSE IN LICENSE.md",
      "optional": true,
      "os": [
        "linux"
      ],
      "bin": {
        "copilot-linux-arm64": "copilot"
      }
    },
    "node_modules/@github/copilot/node_modules/@github/copilot-linux-x64": {
      "version": "1.0.13",
      "resolved": "https://registry.npmjs.org/@github/copilot-linux-x64/-/copilot-linux-x64-1.0.13.tgz",
      "integrity": "sha512-b8ATozkRbxQ5zTUM+PHMhftGDFFB4CEBKFe3OHtqLAqmT95pFOyznHyanOl2lASBY8RzZWOwEl7iuTVkZVum8w==",
      "cpu": [
        "x64"
      ],
      "license": "SEE LICENSE IN LICENSE.md",
      "optional": true,
      "os": [
        "linux"
      ],
      "bin": {
        "copilot-linux-x64": "copilot"
      }
    },
    "node_modules/@github/copilot/node_modules/@github/copilot-win32-arm64": {
      "version": "1.0.13",
      "resolved": "https://registry.npmjs.org/@github/copilot-win32-arm64/-/copilot-win32-arm64-1.0.13.tgz",
      "integrity": "sha512-Nw1yGcMSDmMeOYIHtPx/copmpLxggAg1U2lh59fe3n2cl+x9PQmWlF/pSIO0YgJseI4hzet/st2slGbxokNQ2Q==",
      "cpu": [
        "arm64"
      ],
      "license": "SEE LICENSE IN LICENSE.md",
      "optional": true,
      "os": [
        "win32"
      ],
      "bin": {
        "copilot-win32-arm64": "copilot.exe"
      }
    },
    "node_modules/@github/copilot/node_modules/@github/copilot-win32-x64": {
      "version": "1.0.13",
      "resolved": "https://registry.npmjs.org/@github/copilot-win32-x64/-/copilot-win32-x64-1.0.13.tgz",
      "integrity": "sha512-cRCQ8pmshaHA0oFXBGpIz2O++JaMWU1cJpB4czcYniM/9C8DwWy5uUPkjFXwlHazIYltjWAMFmgZPAMqwLS3Rw==",
      "cpu": [
        "x64"
      ],
      "license": "SEE LICENSE IN LICENSE.md",
      "optional": true,
      "os": [
        "win32"
      ],
      "bin": {
        "copilot-win32-x64": "copilot.exe"
      }
    }
  }
}
