{
  "name": "@github/copilot-installer",
  "version": "1.0.0",
  "lockfileVersion": 3,
  "requires": true,
  "packages": {
    "": {
      "name": "@github/copilot-installer",
      "version": "1.0.0",
      "dependencies": {
        "@github/copilot": "^1.0.12"
      }
    },
    "node_modules/@github/copilot": {
      "version": "1.0.12",
      "resolved": "https://registry.npmjs.org/@github/copilot/-/copilot-1.0.12.tgz",
      "integrity": "sha512-GpmoJbs1ECyLLKtY4PcFzO8Cz6GgDTOKkrzwNdkirNdfsB+o6x0OOlFyrOdNXNPII7pk9+GcpIjF87sLwWzpPQ==",
      "license": "SEE LICENSE IN LICENSE.md",
      "bin": {
        "copilot": "npm-loader.js"
      },
      "optionalDependencies": {
        "@github/copilot-darwin-arm64": "1.0.12",
        "@github/copilot-darwin-x64": "1.0.12",
        "@github/copilot-linux-arm64": "1.0.12",
        "@github/copilot-linux-x64": "1.0.12",
        "@github/copilot-win32-arm64": "1.0.12",
        "@github/copilot-win32-x64": "1.0.12"
      }
    },
    "node_modules/@github/copilot/node_modules/@github/copilot-darwin-arm64": {
      "version": "1.0.12",
      "resolved": "https://registry.npmjs.org/@github/copilot-darwin-arm64/-/copilot-darwin-arm64-1.0.12.tgz",
      "integrity": "sha512-fjbwRIUZAH06Eyg5ZkfZXg8SVXpqI3HaFhtXZ803CZs9mfIgfOSR3URZxUnv7SIv6aI/7f6ws8RxKnPGavJ/tg==",
      "cpu": [
        "arm64"
      ],
      "license": "SEE LICENSE IN LICENSE.md",
      "optional": true,
      "os": [
        "darwin"
      ],
      "bin": {
        "copilot-darwin-arm64": "copilot"
      }
    },
    "node_modules/@github/copilot/node_modules/@github/copilot-darwin-x64": {
      "version": "1.0.12",
      "resolved": "https://registry.npmjs.org/@github/copilot-darwin-x64/-/copilot-darwin-x64-1.0.12.tgz",
      "integrity": "sha512-/tJGJEEm8kpTW/sJRNnvhMSHKIHApNun14biuIkC5CXDqVgFakbKlckn/FlIkT48eEUysc0YbEatrHIDz/8XbA==",
      "cpu": [
        "x64"
      ],
      "license": "SEE LICENSE IN LICENSE.md",
      "optional": true,
      "os": [
        "darwin"
      ],
      "bin": {
        "copilot-darwin-x64": "copilot"
      }
    },
    "node_modules/@github/copilot/node_modules/@github/copilot-linux-arm64": {
      "version": "1.0.12",
      "resolved": "https://registry.npmjs.org/@github/copilot-linux-arm64/-/copilot-linux-arm64-1.0.12.tgz",
      "integrity": "sha512-4977LVJi3/9Yc+ivj+VKDVtHg0kT5yqOrN8F35/jgqerx4Mdtk1pOMlWztXxLicBHN4y2V7/EY/wc0WqFW0Zvg==",
      "cpu": [
        "arm64"
      ],
      "license": "SEE LICENSE IN LICENSE.md",
      "optional": true,
      "os": [
        "linux"
      ],
      "bin": {
        "copilot-linux-arm64": "copilot"
      }
    },
    "node_modules/@github/copilot/node_modules/@github/copilot-linux-x64": {
      "version": "1.0.12",
      "resolved": "https://registry.npmjs.org/@github/copilot-linux-x64/-/copilot-linux-x64-1.0.12.tgz",
      "integrity": "sha512-9QevJZD29PVltYDV4xHWbdN6ud/966clERL5Frh2+9D3+spaVDO1hFllzoFiEwD/M4f2GkSh7/fT3hV0LKl9Ag==",
      "cpu": [
        "x64"
      ],
      "license": "SEE LICENSE IN LICENSE.md",
      "optional": true,
      "os": [
        "linux"
      ],
      "bin": {
        "copilot-linux-x64": "copilot"
      }
    },
    "node_modules/@github/copilot/node_modules/@github/copilot-win32-arm64": {
      "version": "1.0.12",
      "resolved": "https://registry.npmjs.org/@github/copilot-win32-arm64/-/copilot-win32-arm64-1.0.12.tgz",
      "integrity": "sha512-RLAbAsLniI8vA2utgZdIsvD8slZpz1fb8l6cmIiQvDE/BwQb2zNV9VepZ+CwzYtNx9ifxBtgIwYwUJq5bxeSaQ==",
      "cpu": [
        "arm64"
      ],
      "license": "SEE LICENSE IN LICENSE.md",
      "optional": true,
      "os": [
        "win32"
      ],
      "bin": {
        "copilot-win32-arm64": "copilot.exe"
      }
    },
    "node_modules/@github/copilot/node_modules/@github/copilot-win32-x64": {
      "version": "1.0.12",
      "resolved": "https://registry.npmjs.org/@github/copilot-win32-x64/-/copilot-win32-x64-1.0.12.tgz",
      "integrity": "sha512-4SYV09F4Sw20DAib1do26+ALZmCZrghzo+5e6IZbQOsm4B7NhBFaLpKFU+kEijfmWacLlh/at5CpGGGKlwlbcg==",
      "cpu": [
        "x64"
      ],
      "license": "SEE LICENSE IN LICENSE.md",
      "optional": true,
      "os": [
        "win32"
      ],
      "bin": {
        "copilot-win32-x64": "copilot.exe"
      }
    }
  }
}
